
Microsoft Visual Studio Solution File, Format Version 12.00
# Visual Studio Version 16
VisualStudioVersion = 16.0.29123.88
MinimumVisualStudioVersion = 10.0.40219.1
Project("{FAE04EC0-301F-11D3-BF4B-00C04F79EFBC}") = "PersianAdminPanel", "PersianAdminPanel\PersianAdminPanel.csproj", "{18D6001A-8705-48AF-B775-1DF1581C5B32}"
EndProject
Project("{FAE04EC0-301F-11D3-BF4B-00C04F79EFBC}") = "Logger", "Logger\Logger.csproj", "{F9288CF8-8B86-4FFE-B495-5ED383BFC8DD}"
EndProject
Project("{FAE04EC0-301F-11D3-BF4B-00C04F79EFBC}") = "DataAccess", "DataAccess\DataAccess.csproj", "{520422BA-8037-42F2-867C-35D4BAE30FE8}"
EndProject
Project("{2150E333-8FDC-42A3-9474-1A3956D46DE8}") = "Admin", "Admin", "{CE6EB22C-EE64-49F9-9D00-B8E4B25A31AE}"
EndProject
Project("{2150E333-8FDC-42A3-9474-1A3956D46DE8}") = "Common", "Common", "{0B602615-FD41-475A-AFEF-EE2E15B159FC}"
EndProject
Project("{2150E333-8FDC-42A3-9474-1A3956D46DE8}") = "External intefaces", "External intefaces", "{C07711CD-2898-4A53-AB94-982A6AD87C78}"
EndProject
Project("{FAE04EC0-301F-11D3-BF4B-00C04F79EFBC}") = "BusinessLogic", "BissinessLogic\BusinessLogic.csproj", "{687623DA-F1A5-4F2A-956D-931BCE27A2F0}"
EndProject
Project("{FAE04EC0-301F-11D3-BF4B-00C04F79EFBC}") = "Common", "Common\Common.csproj", "{5D4EF6E7-99E6-4638-8A58-9F63149C1E09}"
EndProject
Project("{FAE04EC0-301F-11D3-BF4B-00C04F79EFBC}") = "AdminPanelTest", "AdminPanelTest\AdminPanelTest.csproj", "{167F7362-3A1D-416B-BA16-EAB52B42CC2D}"
EndProject
Global
	GlobalSection(SolutionConfigurationPlatforms) = preSolution
		Debug|Any CPU = Debug|Any CPU
		Release|Any CPU = Release|Any CPU
	EndGlobalSection
	GlobalSection(ProjectConfigurationPlatforms) = postSolution
		{18D6001A-8705-48AF-B775-1DF1581C5B32}.Debug|Any CPU.ActiveCfg = Debug|Any CPU
		{18D6001A-8705-48AF-B775-1DF1581C5B32}.Debug|Any CPU.Build.0 = Debug|Any CPU
		{18D6001A-8705-48AF-B775-1DF1581C5B32}.Release|Any CPU.ActiveCfg = Release|Any CPU
		{18D6001A-8705-48AF-B775-1DF1581C5B32}.Release|Any CPU.Build.0 = Release|Any CPU
		{F9288CF8-8B86-4FFE-B495-5ED383BFC8DD}.Debug|Any CPU.ActiveCfg = Debug|Any CPU
		{F9288CF8-8B86-4FFE-B495-5ED383BFC8DD}.Debug|Any CPU.Build.0 = Debug|Any CPU
		{F9288CF8-8B86-4FFE-B495-5ED383BFC8DD}.Release|Any CPU.ActiveCfg = Release|Any CPU
		{F9288CF8-8B86-4FFE-B495-5ED383BFC8DD}.Release|Any CPU.Build.0 = Release|Any CPU
		{520422BA-8037-42F2-867C-35D4BAE30FE8}.Debug|Any CPU.ActiveCfg = Debug|Any CPU
		{520422BA-8037-42F2-867C-35D4BAE30FE8}.Debug|Any CPU.Build.0 = Debug|Any CPU
		{520422BA-8037-42F2-867C-35D4BAE30FE8}.Release|Any CPU.ActiveCfg = Release|Any CPU
		{520422BA-8037-42F2-867C-35D4BAE30FE8}.Release|Any CPU.Build.0 = Release|Any CPU
		{687623DA-F1A5-4F2A-956D-931BCE27A2F0}.Debug|Any CPU.ActiveCfg = Debug|Any CPU
		{687623DA-F1A5-4F2A-956D-931BCE27A2F0}.Debug|Any CPU.Build.0 = Debug|Any CPU
		{687623DA-F1A5-4F2A-956D-931BCE27A2F0}.Release|Any CPU.ActiveCfg = Release|Any CPU
		{687623DA-F1A5-4F2A-956D-931BCE27A2F0}.Release|Any CPU.Build.0 = Release|Any CPU
		{5D4EF6E7-99E6-4638-8A58-9F63149C1E09}.Debug|Any CPU.ActiveCfg = Debug|Any CPU
		{5D4EF6E7-99E6-4638-8A58-9F63149C1E09}.Debug|Any CPU.Build.0 = Debug|Any CPU
		{5D4EF6E7-99E6-4638-8A58-9F63149C1E09}.Release|Any CPU.ActiveCfg = Release|Any CPU
		{5D4EF6E7-99E6-4638-8A58-9F63149C1E09}.Release|Any CPU.Build.0 = Release|Any CPU
		{167F7362-3A1D-416B-BA16-EAB52B42CC2D}.Debug|Any CPU.ActiveCfg = Debug|Any CPU
		{167F7362-3A1D-416B-BA16-EAB52B42CC2D}.Debug|Any CPU.Build.0 = Debug|Any CPU
		{167F7362-3A1D-416B-BA16-EAB52B42CC2D}.Release|Any CPU.ActiveCfg = Release|Any CPU
		{167F7362-3A1D-416B-BA16-EAB52B42CC2D}.Release|Any CPU.Build.0 = Release|Any CPU
	EndGlobalSection
	GlobalSection(SolutionProperties) = preSolution
		HideSolutionNode = FALSE
	EndGlobalSection
	GlobalSection(NestedProjects) = preSolution
		{18D6001A-8705-48AF-B775-1DF1581C5B32} = {CE6EB22C-EE64-49F9-9D00-B8E4B25A31AE}
		{F9288CF8-8B86-4FFE-B495-5ED383BFC8DD} = {0B602615-FD41-475A-AFEF-EE2E15B159FC}
		{520422BA-8037-42F2-867C-35D4BAE30FE8} = {CE6EB22C-EE64-49F9-9D00-B8E4B25A31AE}
		{687623DA-F1A5-4F2A-956D-931BCE27A2F0} = {CE6EB22C-EE64-49F9-9D00-B8E4B25A31AE}
		{5D4EF6E7-99E6-4638-8A58-9F63149C1E09} = {0B602615-FD41-475A-AFEF-EE2E15B159FC}
		{167F7362-3A1D-416B-BA16-EAB52B42CC2D} = {CE6EB22C-EE64-49F9-9D00-B8E4B25A31AE}
	EndGlobalSection
	GlobalSection(ExtensibilityGlobals) = postSolution
		SolutionGuid = {8188904F-8B9F-44AD-ABF3-B4142AEEE930}
	EndGlobalSection
EndGlobal
